// !$*UTF8*$!
{
	archiveVersion = 1;
	classes = {
	};
	objectVersion = 46;
	objects = {

/* Begin PBXBuildFile section */
		A13876D01C59ABD800EA1413 /* AppDelegate.swift in Sources */ = {isa = PBXBuildFile; fileRef = A13876CF1C59ABD800EA1413 /* AppDelegate.swift */; };
		A13876D21C59ABD800EA1413 /* ViewController.swift in Sources */ = {isa = PBXBuildFile; fileRef = A13876D11C59ABD800EA1413 /* ViewController.swift */; };
		A13876D51C59ABD800EA1413 /* Main.storyboard in Resources */ = {isa = PBXBuildFile; fileRef = A13876D31C59ABD800EA1413 /* Main.storyboard */; };
		A13876D71C59ABD800EA1413 /* Assets.xcassets in Resources */ = {isa = PBXBuildFile; fileRef = A13876D61C59ABD800EA1413 /* Assets.xcassets */; };
		A13876DA1C59ABD800EA1413 /* LaunchScreen.storyboard in Resources */ = {isa = PBXBuildFile; fileRef = A13876D81C59ABD800EA1413 /* LaunchScreen.storyboard */; };
		A13876E31C59AC9400EA1413 /* CharacterID.swift in Sources */ = {isa = PBXBuildFile; fileRef = A13876E21C59AC9400EA1413 /* CharacterID.swift */; };
		A13876EC1C59B7E800EA1413 /* vframes_data.json in Resources */ = {isa = PBXBuildFile; fileRef = A13876EB1C59B7E800EA1413 /* vframes_data.json */; };
/* End PBXBuildFile section */

/* Begin PBXFileReference section */
		A13876CC1C59ABD800EA1413 /* VFrames.app */ = {isa = PBXFileReference; explicitFileType = wrapper.application; includeInIndex = 0; path = VFrames.app; sourceTree = BUILT_PRODUCTS_DIR; };
		A13876CF1C59ABD800EA1413 /* AppDelegate.swift */ = {isa = PBXFileReference; lastKnownFileType = sourcecode.swift; path = AppDelegate.swift; sourceTree = "<group>"; };
		A13876D11C59ABD800EA1413 /* ViewController.swift */ = {isa = PBXFileReference; lastKnownFileType = sourcecode.swift; path = ViewController.swift; sourceTree = "<group>"; };
		A13876D41C59ABD800EA1413 /* Base */ = {isa = PBXFileReference; lastKnownFileType = file.storyboard; name = Base; path = Base.lproj/Main.storyboard; sourceTree = "<group>"; };
		A13876D61C59ABD800EA1413 /* Assets.xcassets */ = {isa = PBXFileReference; lastKnownFileType = folder.assetcatalog; path = Assets.xcassets; sourceTree = "<group>"; };
		A13876D91C59ABD800EA1413 /* Base */ = {isa = PBXFileReference; lastKnownFileType = file.storyboard; name = Base; path = Base.lproj/LaunchScreen.storyboard; sourceTree = "<group>"; };
		A13876DB1C59ABD800EA1413 /* Info.plist */ = {isa = PBXFileReference; lastKnownFileType = text.plist.xml; path = Info.plist; sourceTree = "<group>"; };
		A13876E21C59AC9400EA1413 /* CharacterID.swift */ = {isa = PBXFileReference; fileEncoding = 4; lastKnownFileType = sourcecode.swift; path = CharacterID.swift; sourceTree = "<group>"; };
		A13876EB1C59B7E800EA1413 /* vframes_data.json */ = {isa = PBXFileReference; fileEncoding = 4; lastKnownFileType = text.json; name = vframes_data.json; path = Assets.xcassets/vframes_data.dataset/vframes_data.json; sourceTree = "<group>"; };
/* End PBXFileReference section */

/* Begin PBXFrameworksBuildPhase section */
		A13876C91C59ABD800EA1413 /* Frameworks */ = {
			isa = PBXFrameworksBuildPhase;
			buildActionMask = 2147483647;
			files = (
			);
			runOnlyForDeploymentPostprocessing = 0;
		};
/* End PBXFrameworksBuildPhase section */

/* Begin PBXGroup section */
		A13876C31C59ABD800EA1413 = {
			isa = PBXGroup;
			children = (
				A13876CE1C59ABD800EA1413 /* VFrames */,
				A13876CD1C59ABD800EA1413 /* Products */,
			);
			sourceTree = "<group>";
		};
		A13876CD1C59ABD800EA1413 /* Products */ = {
			isa = PBXGroup;
			children = (
				A13876CC1C59ABD800EA1413 /* VFrames.app */,
			);
			name = Products;
			sourceTree = "<group>";
		};
		A13876CE1C59ABD800EA1413 /* VFrames */ = {
			isa = PBXGroup;
			children = (
				A13876E81C59B7B900EA1413 /* TestData */,
				A13876E11C59AC3700EA1413 /* DataStructure */,
				A13876CF1C59ABD800EA1413 /* AppDelegate.swift */,
				A13876D11C59ABD800EA1413 /* ViewController.swift */,
				A13876D31C59ABD800EA1413 /* Main.storyboard */,
				A13876D61C59ABD800EA1413 /* Assets.xcassets */,
				A13876D81C59ABD800EA1413 /* LaunchScreen.storyboard */,
				A13876DB1C59ABD800EA1413 /* Info.plist */,
			);
			path = VFrames;
			sourceTree = "<group>";
		};
		A13876E11C59AC3700EA1413 /* DataStructure */ = {
			isa = PBXGroup;
			children = (
				A13876E21C59AC9400EA1413 /* CharacterID.swift */,
			);
			name = DataStructure;
			sourceTree = "<group>";
		};
		A13876E81C59B7B900EA1413 /* TestData */ = {
			isa = PBXGroup;
			children = (
				A13876EB1C59B7E800EA1413 /* vframes_data.json */,
			);
			name = TestData;
			sourceTree = "<group>";
		};
/* End PBXGroup section */

/* Begin PBXNativeTarget section */
		A13876CB1C59ABD800EA1413 /* VFrames */ = {
			isa = PBXNativeTarget;
			buildConfigurationList = A13876DE1C59ABD800EA1413 /* Build configuration list for PBXNativeTarget "VFrames" */;
			buildPhases = (
				A13876C81C59ABD800EA1413 /* Sources */,
				A13876C91C59ABD800EA1413 /* Frameworks */,
				A13876CA1C59ABD800EA1413 /* Resources */,
			);
			buildRules = (
			);
			dependencies = (
			);
			name = VFrames;
			productName = VFrames;
			productReference = A13876CC1C59ABD800EA1413 /* VFrames.app */;
			productType = "com.apple.product-type.application";
		};
/* End PBXNativeTarget section */

/* Begin PBXProject section */
		A13876C41C59ABD800EA1413 /* Project object */ = {
			isa = PBXProject;
			attributes = {
				LastSwiftUpdateCheck = 0720;
				LastUpgradeCheck = 0720;
				ORGANIZATIONNAME = VFrames;
				TargetAttributes = {
					A13876CB1C59ABD800EA1413 = {
						CreatedOnToolsVersion = 7.2;
					};
				};
			};
			buildConfigurationList = A13876C71C59ABD800EA1413 /* Build configuration list for PBXProject "VFrames" */;
			compatibilityVersion = "Xcode 3.2";
			developmentRegion = English;
			hasScannedForEncodings = 0;
			knownRegions = (
				en,
				Base,
			);
			mainGroup = A13876C31C59ABD800EA1413;
			productRefGroup = A13876CD1C59ABD800EA1413 /* Products */;
			projectDirPath = "";
			projectRoot = "";
			targets = (
				A13876CB1C59ABD800EA1413 /* VFrames */,
			);
		};
/* End PBXProject section */

/* Begin PBXResourcesBuildPhase section */
		A13876CA1C59ABD800EA1413 /* Resources */ = {
			isa = PBXResourcesBuildPhase;
			buildActionMask = 2147483647;
			files = (
				A13876DA1C59ABD800EA1413 /* LaunchScreen.storyboard in Resources */,
				A13876D71C59ABD800EA1413 /* Assets.xcassets in Resources */,
				A13876EC1C59B7E800EA1413 /* vframes_data.json in Resources */,
				A13876D51C59ABD800EA1413 /* Main.storyboard in Resources */,
			);
			runOnlyForDeploymentPostprocessing = 0;
		};
/* End PBXResourcesBuildPhase section */

/* Begin PBXSourcesBuildPhase section */
		A13876C81C59ABD800EA1413 /* Sources */ = {
			isa = PBXSourcesBuildPhase;
			buildActionMask = 2147483647;
			files = (
				A13876D21C59ABD800EA1413 /* ViewController.swift in Sources */,
				A13876D01C59ABD800EA1413 /* AppDelegate.swift in Sources */,
				A13876E31C59AC9400EA1413 /* CharacterID.swift in Sources */,
			);
			runOnlyForDeploymentPostprocessing = 0;
		};
/* End PBXSourcesBuildPhase section */

/* Begin PBXVariantGroup section */
		A13876D31C59ABD800EA1413 /* Main.storyboard */ = {
			isa = PBXVariantGroup;
			children = (
				A13876D41C59ABD800EA1413 /* Base */,
			);
			name = Main.storyboard;
			sourceTree = "<group>";
		};
		A13876D81C59ABD800EA1413 /* LaunchScreen.storyboard */ = {
			isa = PBXVariantGroup;
			children = (
				A13876D91C59ABD800EA1413 /* Base */,
			);
			name = LaunchScreen.storyboard;
			sourceTree = "<group>";
		};
/* End PBXVariantGroup section */

/* Begin XCBuildConfiguration section */
		A13876DC1C59ABD800EA1413 /* Debug */ = {
			isa = XCBuildConfiguration;
			buildSettings = {
				ALWAYS_SEARCH_USER_PATHS = NO;
				CLANG_CXX_LANGUAGE_STANDARD = "gnu++0x";
				CLANG_CXX_LIBRARY = "libc++";
				CLANG_ENABLE_MODULES = YES;
				CLANG_ENABLE_OBJC_ARC = YES;
				CLANG_WARN_BOOL_CONVERSION = YES;
				CLANG_WARN_CONSTANT_CONVERSION = YES;
				CLANG_WARN_DIRECT_OBJC_ISA_USAGE = YES_ERROR;
				CLANG_WARN_EMPTY_BODY = YES;
				CLANG_WARN_ENUM_CONVERSION = YES;
				CLANG_WARN_INT_CONVERSION = YES;
				CLANG_WARN_OBJC_ROOT_CLASS = YES_ERROR;
				CLANG_WARN_UNREACHABLE_CODE = YES;
				CLANG_WARN__DUPLICATE_METHOD_MATCH = YES;
				"CODE_SIGN_IDENTITY[sdk=iphoneos*]" = "iPhone Developer";
				COPY_PHASE_STRIP = NO;
				DEBUG_INFORMATION_FORMAT = dwarf;
				ENABLE_STRICT_OBJC_MSGSEND = YES;
				ENABLE_TESTABILITY = YES;
				GCC_C_LANGUAGE_STANDARD = gnu99;
				GCC_DYNAMIC_NO_PIC = NO;
				GCC_NO_COMMON_BLOCKS = YES;
				GCC_OPTIMIZATION_LEVEL = 0;
				GCC_PREPROCESSOR_DEFINITIONS = (
					"DEBUG=1",
					"$(inherited)",
				);
				GCC_WARN_64_TO_32_BIT_CONVERSION = YES;
				GCC_WARN_ABOUT_RETURN_TYPE = YES_ERROR;
				GCC_WARN_UNDECLARED_SELECTOR = YES;
				GCC_WARN_UNINITIALIZED_AUTOS = YES_AGGRESSIVE;
				GCC_WARN_UNUSED_FUNCTION = YES;
				GCC_WARN_UNUSED_VARIABLE = YES;
				IPHONEOS_DEPLOYMENT_TARGET = 9.2;
				MTL_ENABLE_DEBUG_INFO = YES;
				ONLY_ACTIVE_ARCH = YES;
				SDKROOT = iphoneos;
				SWIFT_OPTIMIZATION_LEVEL = "-Onone";
			};
			name = Debug;
		};
		A13876DD1C59ABD800EA1413 /* Release */ = {
			isa = XCBuildConfiguration;
			buildSettings = {
				ALWAYS_SEARCH_USER_PATHS = NO;
				CLANG_CXX_LANGUAGE_STANDARD = "gnu++0x";
				CLANG_CXX_LIBRARY = "libc++";
				CLANG_ENABLE_MODULES = YES;
				CLANG_ENABLE_OBJC_ARC = YES;
				CLANG_WARN_BOOL_CONVERSION = YES;
				CLANG_WARN_CONSTANT_CONVERSION = YES;
				CLANG_WARN_DIRECT_OBJC_ISA_USAGE = YES_ERROR;
				CLANG_WARN_EMPTY_BODY = YES;
				CLANG_WARN_ENUM_CONVERSION = YES;
				CLANG_WARN_INT_CONVERSION = YES;
				CLANG_WARN_OBJC_ROOT_CLASS = YES_ERROR;
				CLANG_WARN_UNREACHABLE_CODE = YES;
				CLANG_WARN__DUPLICATE_METHOD_MATCH = YES;
				"CODE_SIGN_IDENTITY[sdk=iphoneos*]" = "iPhone Developer";
				COPY_PHASE_STRIP = NO;
				DEBUG_INFORMATION_FORMAT = "dwarf-with-dsym";
				ENABLE_NS_ASSERTIONS = NO;
				ENABLE_STRICT_OBJC_MSGSEND = YES;
				GCC_C_LANGUAGE_STANDARD = gnu99;
				GCC_NO_COMMON_BLOCKS = YES;
				GCC_WARN_64_TO_32_BIT_CONVERSION = YES;
				GCC_WARN_ABOUT_RETURN_TYPE = YES_ERROR;
				GCC_WARN_UNDECLARED_SELECTOR = YES;
				GCC_WARN_UNINITIALIZED_AUTOS = YES_AGGRESSIVE;
				GCC_WARN_UNUSED_FUNCTION = YES;
				GCC_WARN_UNUSED_VARIABLE = YES;
				IPHONEOS_DEPLOYMENT_TARGET = 9.2;
				MTL_ENABLE_DEBUG_INFO = NO;
				SDKROOT = iphoneos;
				VALIDATE_PRODUCT = YES;
			};
			name = Release;
		};
		A13876DF1C59ABD800EA1413 /* Debug */ = {
			isa = XCBuildConfiguration;
			buildSettings = {
				ASSETCATALOG_COMPILER_APPICON_NAME = AppIcon;
				INFOPLIST_FILE = VFrames/Info.plist;
				LD_RUNPATH_SEARCH_PATHS = "$(inherited) @executable_path/Frameworks";
				PRODUCT_BUNDLE_IDENTIFIER = com.agarron.VFrames;
				PRODUCT_NAME = "$(TARGET_NAME)";
			};
			name = Debug;
		};
		A13876E01C59ABD800EA1413 /* Release */ = {
			isa = XCBuildConfiguration;
			buildSettings = {
				ASSETCATALOG_COMPILER_APPICON_NAME = AppIcon;
				INFOPLIST_FILE = VFrames/Info.plist;
				LD_RUNPATH_SEARCH_PATHS = "$(inherited) @executable_path/Frameworks";
				PRODUCT_BUNDLE_IDENTIFIER = com.agarron.VFrames;
				PRODUCT_NAME = "$(TARGET_NAME)";
			};
			name = Release;
		};
/* End XCBuildConfiguration section */

/* Begin XCConfigurationList section */
		A13876C71C59ABD800EA1413 /* Build configuration list for PBXProject "VFrames" */ = {
			isa = XCConfigurationList;
			buildConfigurations = (
				A13876DC1C59ABD800EA1413 /* Debug */,
				A13876DD1C59ABD800EA1413 /* Release */,
			);
			defaultConfigurationIsVisible = 0;
			defaultConfigurationName = Release;
		};
		A13876DE1C59ABD800EA1413 /* Build configuration list for PBXNativeTarget "VFrames" */ = {
			isa = XCConfigurationList;
			buildConfigurations = (
				A13876DF1C59ABD800EA1413 /* Debug */,
				A13876E01C59ABD800EA1413 /* Release */,
			);
			defaultConfigurationIsVisible = 0;
		};
/* End XCConfigurationList section */
	};
	rootObject = A13876C41C59ABD800EA1413 /* Project object */;
}
