// !$*UTF8*$!
{
	archiveVersion = 1;
	classes = {
	};
	objectVersion = 46;
	objects = {

/* Begin PBXBuildFile section */
		2126B52AEEF9D9711CF300E1 /* Pods_VFrames.framework in Frameworks */ = {isa = PBXBuildFile; fileRef = 77FD0C2D238DB39A348EA825 /* Pods_VFrames.framework */; };
		A10B2CB31C768C17004DA46B /* default_characters_model.json in Resources */ = {isa = PBXBuildFile; fileRef = A10B2CB21C768C17004DA46B /* default_characters_model.json */; };
		A13876D01C59ABD800EA1413 /* AppDelegate.swift in Sources */ = {isa = PBXBuildFile; fileRef = A13876CF1C59ABD800EA1413 /* AppDelegate.swift */; };
		A13876D21C59ABD800EA1413 /* HomePageViewController.swift in Sources */ = {isa = PBXBuildFile; fileRef = A13876D11C59ABD800EA1413 /* HomePageViewController.swift */; };
		A13876D51C59ABD800EA1413 /* Main.storyboard in Resources */ = {isa = PBXBuildFile; fileRef = A13876D31C59ABD800EA1413 /* Main.storyboard */; };
		A13876D71C59ABD800EA1413 /* Assets.xcassets in Resources */ = {isa = PBXBuildFile; fileRef = A13876D61C59ABD800EA1413 /* Assets.xcassets */; };
		A13876DA1C59ABD800EA1413 /* LaunchScreen.storyboard in Resources */ = {isa = PBXBuildFile; fileRef = A13876D81C59ABD800EA1413 /* LaunchScreen.storyboard */; };
		A13876E31C59AC9400EA1413 /* CharacterID.swift in Sources */ = {isa = PBXBuildFile; fileRef = A13876E21C59AC9400EA1413 /* CharacterID.swift */; };
		A13876EF1C5DB0F400EA1413 /* InputElement.swift in Sources */ = {isa = PBXBuildFile; fileRef = A13876EE1C5DB0F400EA1413 /* InputElement.swift */; };
		A13876F11C5DB18E00EA1413 /* MoveListEntryProtocol.swift in Sources */ = {isa = PBXBuildFile; fileRef = A13876F01C5DB18E00EA1413 /* MoveListEntryProtocol.swift */; };
		A13876F31C5DB34D00EA1413 /* MoveListEntry.swift in Sources */ = {isa = PBXBuildFile; fileRef = A13876F21C5DB34D00EA1413 /* MoveListEntry.swift */; };
		A13876F61C5DB7AF00EA1413 /* SFCharacter.swift in Sources */ = {isa = PBXBuildFile; fileRef = A13876F51C5DB7AF00EA1413 /* SFCharacter.swift */; };
		A13876F81C5DB8CB00EA1413 /* MoveCategory.swift in Sources */ = {isa = PBXBuildFile; fileRef = A13876F71C5DB8CB00EA1413 /* MoveCategory.swift */; };
		A13876FA1C5DBB4400EA1413 /* CharactersModel.swift in Sources */ = {isa = PBXBuildFile; fileRef = A13876F91C5DBB4400EA1413 /* CharactersModel.swift */; };
		A13877001C5EB3BF00EA1413 /* Podfile in Resources */ = {isa = PBXBuildFile; fileRef = A13876FF1C5EB3BF00EA1413 /* Podfile */; };
		A163B0A31C723C7B0048571D /* NetworkDataSourceListenerProtocol.swift in Sources */ = {isa = PBXBuildFile; fileRef = A163B0A21C723C7B0048571D /* NetworkDataSourceListenerProtocol.swift */; };
		A16454531C5EB55A00201417 /* SwiftyJSON.framework in Frameworks */ = {isa = PBXBuildFile; fileRef = A16454521C5EB55A00201417 /* SwiftyJSON.framework */; };
		A16454571C5F15EA00201417 /* CharactersModelJsonAdapter.swift in Sources */ = {isa = PBXBuildFile; fileRef = A16454561C5F15EA00201417 /* CharactersModelJsonAdapter.swift */; };
		A164545C1C66A74F00201417 /* CharacterSelectCell.swift in Sources */ = {isa = PBXBuildFile; fileRef = A164545B1C66A74F00201417 /* CharacterSelectCell.swift */; };
		A164545E1C66B24B00201417 /* MovesListViewController.swift in Sources */ = {isa = PBXBuildFile; fileRef = A164545D1C66B24B00201417 /* MovesListViewController.swift */; };
		A16454801C68577000201417 /* DescriptionMoveListCell.swift in Sources */ = {isa = PBXBuildFile; fileRef = A164547F1C68577000201417 /* DescriptionMoveListCell.swift */; };
		A16454841C68658600201417 /* MoveListCellProtocol.swift in Sources */ = {isa = PBXBuildFile; fileRef = A16454831C68658600201417 /* MoveListCellProtocol.swift */; };
		A16454881C68692700201417 /* InputIconCell.swift in Sources */ = {isa = PBXBuildFile; fileRef = A16454871C68692700201417 /* InputIconCell.swift */; };
		A164548A1C6876C200201417 /* InputCollectionView.swift in Sources */ = {isa = PBXBuildFile; fileRef = A16454891C6876C200201417 /* InputCollectionView.swift */; };
		A164548D1C6B080D00201417 /* StringResolver.swift in Sources */ = {isa = PBXBuildFile; fileRef = A164548C1C6B080D00201417 /* StringResolver.swift */; };
		A164548F1C6B0EF900201417 /* Localizable.strings in Resources */ = {isa = PBXBuildFile; fileRef = A164548E1C6B0EF900201417 /* Localizable.strings */; };
		A16454911C6C60EF00201417 /* InputTextCell.swift in Sources */ = {isa = PBXBuildFile; fileRef = A16454901C6C60EF00201417 /* InputTextCell.swift */; };
		A16454941C6C611F00201417 /* InputElementCellProtocol.swift in Sources */ = {isa = PBXBuildFile; fileRef = A16454931C6C611F00201417 /* InputElementCellProtocol.swift */; };
		A16454971C6D818900201417 /* CharacterInfoPageViewController.swift in Sources */ = {isa = PBXBuildFile; fileRef = A16454961C6D818900201417 /* CharacterInfoPageViewController.swift */; };
		A164549A1C6FC0AF00201417 /* CustomColors.swift in Sources */ = {isa = PBXBuildFile; fileRef = A16454991C6FC0AF00201417 /* CustomColors.swift */; };
		A164549C1C6FC11400201417 /* ColorUtils.swift in Sources */ = {isa = PBXBuildFile; fileRef = A164549B1C6FC11400201417 /* ColorUtils.swift */; };
		A164549F1C6FFA0400201417 /* FrameDataViewController.swift in Sources */ = {isa = PBXBuildFile; fileRef = A164549E1C6FFA0400201417 /* FrameDataViewController.swift */; };
		A16454A21C701BD300201417 /* MoveListLoader.swift in Sources */ = {isa = PBXBuildFile; fileRef = A16454A11C701BD300201417 /* MoveListLoader.swift */; };
		A16454A51C701D0400201417 /* FrameDataEntryProtocol.swift in Sources */ = {isa = PBXBuildFile; fileRef = A16454A41C701D0400201417 /* FrameDataEntryProtocol.swift */; };
		A16454A71C701D2100201417 /* FrameDataLoader.swift in Sources */ = {isa = PBXBuildFile; fileRef = A16454A61C701D2100201417 /* FrameDataLoader.swift */; };
		A16454AA1C701DCA00201417 /* FrameDataProtocol.swift in Sources */ = {isa = PBXBuildFile; fileRef = A16454A91C701DCA00201417 /* FrameDataProtocol.swift */; };
		A16454AC1C701E3800201417 /* FrameDataEntryHolder.swift in Sources */ = {isa = PBXBuildFile; fileRef = A16454AB1C701E3800201417 /* FrameDataEntryHolder.swift */; };
		A16454AE1C7021BE00201417 /* HardCodedFrameDataEntry.swift in Sources */ = {isa = PBXBuildFile; fileRef = A16454AD1C7021BE00201417 /* HardCodedFrameDataEntry.swift */; };
		A16454B01C7026F500201417 /* FrameData.swift in Sources */ = {isa = PBXBuildFile; fileRef = A16454AF1C7026F500201417 /* FrameData.swift */; };
		A16454B21C702C3000201417 /* MoveType.swift in Sources */ = {isa = PBXBuildFile; fileRef = A16454B11C702C3000201417 /* MoveType.swift */; };
		A16454B41C7034A600201417 /* FrameDataEntryCell.swift in Sources */ = {isa = PBXBuildFile; fileRef = A16454B31C7034A600201417 /* FrameDataEntryCell.swift */; };
		A16454B61C71160D00201417 /* NotesViewController.swift in Sources */ = {isa = PBXBuildFile; fileRef = A16454B51C71160D00201417 /* NotesViewController.swift */; };
		A16454BA1C71206000201417 /* Fabric.framework in Frameworks */ = {isa = PBXBuildFile; fileRef = A16454B81C71206000201417 /* Fabric.framework */; };
		A16454BB1C71206000201417 /* Crashlytics.framework in Frameworks */ = {isa = PBXBuildFile; fileRef = A16454B91C71206000201417 /* Crashlytics.framework */; };
		A16454BE1C71967C00201417 /* NetworkDataSource.swift in Sources */ = {isa = PBXBuildFile; fileRef = A16454BD1C71967C00201417 /* NetworkDataSource.swift */; };
		A16454CB1C71C11100201417 /* JSONLoader.swift in Sources */ = {isa = PBXBuildFile; fileRef = A16454CA1C71C11100201417 /* JSONLoader.swift */; };
		A16454D11C72293200201417 /* AppSupportUtil.swift in Sources */ = {isa = PBXBuildFile; fileRef = A16454D01C72293200201417 /* AppSupportUtil.swift */; };
		A16454D31C7238E800201417 /* GetNetworkDataResult.swift in Sources */ = {isa = PBXBuildFile; fileRef = A16454D21C7238E800201417 /* GetNetworkDataResult.swift */; };
		A184F8FB1C7292C7009B7F3B /* StoreKit.framework in Frameworks */ = {isa = PBXBuildFile; fileRef = A184F8FA1C7292C7009B7F3B /* StoreKit.framework */; };
		A184F8FD1C7292D1009B7F3B /* GameKit.framework in Frameworks */ = {isa = PBXBuildFile; fileRef = A184F8FC1C7292D1009B7F3B /* GameKit.framework */; };
/* End PBXBuildFile section */

/* Begin PBXFileReference section */
		77FD0C2D238DB39A348EA825 /* Pods_VFrames.framework */ = {isa = PBXFileReference; explicitFileType = wrapper.framework; includeInIndex = 0; path = Pods_VFrames.framework; sourceTree = BUILT_PRODUCTS_DIR; };
		A10B2CB21C768C17004DA46B /* default_characters_model.json */ = {isa = PBXFileReference; fileEncoding = 4; lastKnownFileType = text.json; path = default_characters_model.json; sourceTree = "<group>"; };
		A13876CC1C59ABD800EA1413 /* VFrames.app */ = {isa = PBXFileReference; explicitFileType = wrapper.application; includeInIndex = 0; path = VFrames.app; sourceTree = BUILT_PRODUCTS_DIR; };
		A13876CF1C59ABD800EA1413 /* AppDelegate.swift */ = {isa = PBXFileReference; lastKnownFileType = sourcecode.swift; path = AppDelegate.swift; sourceTree = "<group>"; };
		A13876D11C59ABD800EA1413 /* HomePageViewController.swift */ = {isa = PBXFileReference; lastKnownFileType = sourcecode.swift; path = HomePageViewController.swift; sourceTree = "<group>"; };
		A13876D41C59ABD800EA1413 /* Base */ = {isa = PBXFileReference; lastKnownFileType = file.storyboard; name = Base; path = Base.lproj/Main.storyboard; sourceTree = "<group>"; };
		A13876D61C59ABD800EA1413 /* Assets.xcassets */ = {isa = PBXFileReference; lastKnownFileType = folder.assetcatalog; path = Assets.xcassets; sourceTree = "<group>"; };
		A13876D91C59ABD800EA1413 /* Base */ = {isa = PBXFileReference; lastKnownFileType = file.storyboard; name = Base; path = Base.lproj/LaunchScreen.storyboard; sourceTree = "<group>"; };
		A13876DB1C59ABD800EA1413 /* Info.plist */ = {isa = PBXFileReference; lastKnownFileType = text.plist.xml; path = Info.plist; sourceTree = "<group>"; };
		A13876E21C59AC9400EA1413 /* CharacterID.swift */ = {isa = PBXFileReference; fileEncoding = 4; lastKnownFileType = sourcecode.swift; path = CharacterID.swift; sourceTree = "<group>"; };
		A13876EE1C5DB0F400EA1413 /* InputElement.swift */ = {isa = PBXFileReference; fileEncoding = 4; lastKnownFileType = sourcecode.swift; path = InputElement.swift; sourceTree = "<group>"; };
		A13876F01C5DB18E00EA1413 /* MoveListEntryProtocol.swift */ = {isa = PBXFileReference; fileEncoding = 4; lastKnownFileType = sourcecode.swift; path = MoveListEntryProtocol.swift; sourceTree = "<group>"; };
		A13876F21C5DB34D00EA1413 /* MoveListEntry.swift */ = {isa = PBXFileReference; fileEncoding = 4; lastKnownFileType = sourcecode.swift; path = MoveListEntry.swift; sourceTree = "<group>"; };
		A13876F51C5DB7AF00EA1413 /* SFCharacter.swift */ = {isa = PBXFileReference; fileEncoding = 4; lastKnownFileType = sourcecode.swift; path = SFCharacter.swift; sourceTree = "<group>"; };
		A13876F71C5DB8CB00EA1413 /* MoveCategory.swift */ = {isa = PBXFileReference; fileEncoding = 4; lastKnownFileType = sourcecode.swift; path = MoveCategory.swift; sourceTree = "<group>"; };
		A13876F91C5DBB4400EA1413 /* CharactersModel.swift */ = {isa = PBXFileReference; fileEncoding = 4; lastKnownFileType = sourcecode.swift; path = CharactersModel.swift; sourceTree = "<group>"; };
		A13876FF1C5EB3BF00EA1413 /* Podfile */ = {isa = PBXFileReference; fileEncoding = 4; lastKnownFileType = text; path = Podfile; sourceTree = "<group>"; };
		A163B0A21C723C7B0048571D /* NetworkDataSourceListenerProtocol.swift */ = {isa = PBXFileReference; fileEncoding = 4; lastKnownFileType = sourcecode.swift; path = NetworkDataSourceListenerProtocol.swift; sourceTree = "<group>"; };
		A16454521C5EB55A00201417 /* SwiftyJSON.framework */ = {isa = PBXFileReference; lastKnownFileType = wrapper.framework; name = SwiftyJSON.framework; path = "Pods/../build/Debug-iphoneos/SwiftyJSON.framework"; sourceTree = "<group>"; };
		A16454561C5F15EA00201417 /* CharactersModelJsonAdapter.swift */ = {isa = PBXFileReference; fileEncoding = 4; lastKnownFileType = sourcecode.swift; path = CharactersModelJsonAdapter.swift; sourceTree = "<group>"; };
		A164545B1C66A74F00201417 /* CharacterSelectCell.swift */ = {isa = PBXFileReference; fileEncoding = 4; lastKnownFileType = sourcecode.swift; path = CharacterSelectCell.swift; sourceTree = "<group>"; };
		A164545D1C66B24B00201417 /* MovesListViewController.swift */ = {isa = PBXFileReference; fileEncoding = 4; lastKnownFileType = sourcecode.swift; path = MovesListViewController.swift; sourceTree = "<group>"; };
		A164547F1C68577000201417 /* DescriptionMoveListCell.swift */ = {isa = PBXFileReference; fileEncoding = 4; lastKnownFileType = sourcecode.swift; path = DescriptionMoveListCell.swift; sourceTree = "<group>"; };
		A16454831C68658600201417 /* MoveListCellProtocol.swift */ = {isa = PBXFileReference; fileEncoding = 4; lastKnownFileType = sourcecode.swift; path = MoveListCellProtocol.swift; sourceTree = "<group>"; };
		A16454871C68692700201417 /* InputIconCell.swift */ = {isa = PBXFileReference; fileEncoding = 4; lastKnownFileType = sourcecode.swift; path = InputIconCell.swift; sourceTree = "<group>"; };
		A16454891C6876C200201417 /* InputCollectionView.swift */ = {isa = PBXFileReference; fileEncoding = 4; lastKnownFileType = sourcecode.swift; path = InputCollectionView.swift; sourceTree = "<group>"; };
		A164548C1C6B080D00201417 /* StringResolver.swift */ = {isa = PBXFileReference; fileEncoding = 4; lastKnownFileType = sourcecode.swift; path = StringResolver.swift; sourceTree = "<group>"; };
		A164548E1C6B0EF900201417 /* Localizable.strings */ = {isa = PBXFileReference; fileEncoding = 4; lastKnownFileType = text.plist.strings; path = Localizable.strings; sourceTree = "<group>"; };
		A16454901C6C60EF00201417 /* InputTextCell.swift */ = {isa = PBXFileReference; fileEncoding = 4; lastKnownFileType = sourcecode.swift; path = InputTextCell.swift; sourceTree = "<group>"; };
		A16454931C6C611F00201417 /* InputElementCellProtocol.swift */ = {isa = PBXFileReference; fileEncoding = 4; lastKnownFileType = sourcecode.swift; path = InputElementCellProtocol.swift; sourceTree = "<group>"; };
		A16454961C6D818900201417 /* CharacterInfoPageViewController.swift */ = {isa = PBXFileReference; fileEncoding = 4; lastKnownFileType = sourcecode.swift; path = CharacterInfoPageViewController.swift; sourceTree = "<group>"; };
		A16454991C6FC0AF00201417 /* CustomColors.swift */ = {isa = PBXFileReference; fileEncoding = 4; lastKnownFileType = sourcecode.swift; path = CustomColors.swift; sourceTree = "<group>"; };
		A164549B1C6FC11400201417 /* ColorUtils.swift */ = {isa = PBXFileReference; fileEncoding = 4; lastKnownFileType = sourcecode.swift; path = ColorUtils.swift; sourceTree = "<group>"; };
		A164549E1C6FFA0400201417 /* FrameDataViewController.swift */ = {isa = PBXFileReference; fileEncoding = 4; lastKnownFileType = sourcecode.swift; path = FrameDataViewController.swift; sourceTree = "<group>"; };
		A16454A11C701BD300201417 /* MoveListLoader.swift */ = {isa = PBXFileReference; fileEncoding = 4; lastKnownFileType = sourcecode.swift; path = MoveListLoader.swift; sourceTree = "<group>"; };
		A16454A41C701D0400201417 /* FrameDataEntryProtocol.swift */ = {isa = PBXFileReference; fileEncoding = 4; lastKnownFileType = sourcecode.swift; path = FrameDataEntryProtocol.swift; sourceTree = "<group>"; };
		A16454A61C701D2100201417 /* FrameDataLoader.swift */ = {isa = PBXFileReference; fileEncoding = 4; lastKnownFileType = sourcecode.swift; path = FrameDataLoader.swift; sourceTree = "<group>"; };
		A16454A91C701DCA00201417 /* FrameDataProtocol.swift */ = {isa = PBXFileReference; fileEncoding = 4; lastKnownFileType = sourcecode.swift; path = FrameDataProtocol.swift; sourceTree = "<group>"; };
		A16454AB1C701E3800201417 /* FrameDataEntryHolder.swift */ = {isa = PBXFileReference; fileEncoding = 4; lastKnownFileType = sourcecode.swift; path = FrameDataEntryHolder.swift; sourceTree = "<group>"; };
		A16454AD1C7021BE00201417 /* HardCodedFrameDataEntry.swift */ = {isa = PBXFileReference; fileEncoding = 4; lastKnownFileType = sourcecode.swift; path = HardCodedFrameDataEntry.swift; sourceTree = "<group>"; };
		A16454AF1C7026F500201417 /* FrameData.swift */ = {isa = PBXFileReference; fileEncoding = 4; lastKnownFileType = sourcecode.swift; path = FrameData.swift; sourceTree = "<group>"; };
		A16454B11C702C3000201417 /* MoveType.swift */ = {isa = PBXFileReference; fileEncoding = 4; lastKnownFileType = sourcecode.swift; path = MoveType.swift; sourceTree = "<group>"; };
		A16454B31C7034A600201417 /* FrameDataEntryCell.swift */ = {isa = PBXFileReference; fileEncoding = 4; lastKnownFileType = sourcecode.swift; path = FrameDataEntryCell.swift; sourceTree = "<group>"; };
		A16454B51C71160D00201417 /* NotesViewController.swift */ = {isa = PBXFileReference; fileEncoding = 4; lastKnownFileType = sourcecode.swift; path = NotesViewController.swift; sourceTree = "<group>"; };
		A16454B81C71206000201417 /* Fabric.framework */ = {isa = PBXFileReference; lastKnownFileType = wrapper.framework; path = Fabric.framework; sourceTree = "<group>"; };
		A16454B91C71206000201417 /* Crashlytics.framework */ = {isa = PBXFileReference; lastKnownFileType = wrapper.framework; path = Crashlytics.framework; sourceTree = "<group>"; };
		A16454BD1C71967C00201417 /* NetworkDataSource.swift */ = {isa = PBXFileReference; fileEncoding = 4; lastKnownFileType = sourcecode.swift; path = NetworkDataSource.swift; sourceTree = "<group>"; };
		A16454CA1C71C11100201417 /* JSONLoader.swift */ = {isa = PBXFileReference; fileEncoding = 4; lastKnownFileType = sourcecode.swift; path = JSONLoader.swift; sourceTree = "<group>"; };
		A16454D01C72293200201417 /* AppSupportUtil.swift */ = {isa = PBXFileReference; fileEncoding = 4; lastKnownFileType = sourcecode.swift; path = AppSupportUtil.swift; sourceTree = "<group>"; };
		A16454D21C7238E800201417 /* GetNetworkDataResult.swift */ = {isa = PBXFileReference; fileEncoding = 4; lastKnownFileType = sourcecode.swift; path = GetNetworkDataResult.swift; sourceTree = "<group>"; };
		A184F8FA1C7292C7009B7F3B /* StoreKit.framework */ = {isa = PBXFileReference; lastKnownFileType = wrapper.framework; name = StoreKit.framework; path = System/Library/Frameworks/StoreKit.framework; sourceTree = SDKROOT; };
		A184F8FC1C7292D1009B7F3B /* GameKit.framework */ = {isa = PBXFileReference; lastKnownFileType = wrapper.framework; name = GameKit.framework; path = System/Library/Frameworks/GameKit.framework; sourceTree = SDKROOT; };
		A5F217F5A277D683BC0E80A7 /* Pods-VFrames.release.xcconfig */ = {isa = PBXFileReference; includeInIndex = 1; lastKnownFileType = text.xcconfig; name = "Pods-VFrames.release.xcconfig"; path = "Pods/Target Support Files/Pods-VFrames/Pods-VFrames.release.xcconfig"; sourceTree = "<group>"; };
		F0233CC4B1F3255D7BD8B48B /* Pods-VFrames.debug.xcconfig */ = {isa = PBXFileReference; includeInIndex = 1; lastKnownFileType = text.xcconfig; name = "Pods-VFrames.debug.xcconfig"; path = "Pods/Target Support Files/Pods-VFrames/Pods-VFrames.debug.xcconfig"; sourceTree = "<group>"; };
/* End PBXFileReference section */

/* Begin PBXFrameworksBuildPhase section */
		A13876C91C59ABD800EA1413 /* Frameworks */ = {
			isa = PBXFrameworksBuildPhase;
			buildActionMask = 2147483647;
			files = (
				A16454531C5EB55A00201417 /* SwiftyJSON.framework in Frameworks */,
				2126B52AEEF9D9711CF300E1 /* Pods_VFrames.framework in Frameworks */,
				A184F8FB1C7292C7009B7F3B /* StoreKit.framework in Frameworks */,
				A184F8FD1C7292D1009B7F3B /* GameKit.framework in Frameworks */,
				A16454BB1C71206000201417 /* Crashlytics.framework in Frameworks */,
				A16454BA1C71206000201417 /* Fabric.framework in Frameworks */,
			);
			runOnlyForDeploymentPostprocessing = 0;
		};
/* End PBXFrameworksBuildPhase section */

/* Begin PBXGroup section */
		52A251C442EDBE3363FBDB91 /* Frameworks */ = {
			isa = PBXGroup;
			children = (
				A184F8FC1C7292D1009B7F3B /* GameKit.framework */,
				A184F8FA1C7292C7009B7F3B /* StoreKit.framework */,
				A16454521C5EB55A00201417 /* SwiftyJSON.framework */,
				77FD0C2D238DB39A348EA825 /* Pods_VFrames.framework */,
			);
			name = Frameworks;
			sourceTree = "<group>";
		};
		71D8A89E167D46C9FE0C8AF0 /* Pods */ = {
			isa = PBXGroup;
			children = (
				F0233CC4B1F3255D7BD8B48B /* Pods-VFrames.debug.xcconfig */,
				A5F217F5A277D683BC0E80A7 /* Pods-VFrames.release.xcconfig */,
			);
			name = Pods;
			sourceTree = "<group>";
		};
		A13876C31C59ABD800EA1413 = {
			isa = PBXGroup;
			children = (
				A16454B81C71206000201417 /* Fabric.framework */,
				A16454B91C71206000201417 /* Crashlytics.framework */,
				A13876FF1C5EB3BF00EA1413 /* Podfile */,
				A13876CE1C59ABD800EA1413 /* VFrames */,
				A13876CD1C59ABD800EA1413 /* Products */,
				71D8A89E167D46C9FE0C8AF0 /* Pods */,
				52A251C442EDBE3363FBDB91 /* Frameworks */,
			);
			sourceTree = "<group>";
		};
		A13876CD1C59ABD800EA1413 /* Products */ = {
			isa = PBXGroup;
			children = (
				A13876CC1C59ABD800EA1413 /* VFrames.app */,
			);
			name = Products;
			sourceTree = "<group>";
		};
		A13876CE1C59ABD800EA1413 /* VFrames */ = {
			isa = PBXGroup;
			children = (
				A16454BC1C71966D00201417 /* Network */,
				A16454981C6FC09F00201417 /* Colors */,
				A164548B1C6B07F800201417 /* Utils */,
				A16454581C64479200201417 /* UI */,
				A13876E81C59B7B900EA1413 /* TestData */,
				A13876E11C59AC3700EA1413 /* DataStructure */,
				A13876CF1C59ABD800EA1413 /* AppDelegate.swift */,
				A13876D31C59ABD800EA1413 /* Main.storyboard */,
				A13876D61C59ABD800EA1413 /* Assets.xcassets */,
				A164548E1C6B0EF900201417 /* Localizable.strings */,
				A13876D81C59ABD800EA1413 /* LaunchScreen.storyboard */,
				A13876DB1C59ABD800EA1413 /* Info.plist */,
			);
			path = VFrames;
			sourceTree = "<group>";
		};
		A13876E11C59AC3700EA1413 /* DataStructure */ = {
			isa = PBXGroup;
			children = (
				A16454A01C701B5600201417 /* Loader */,
				A13876FB1C5DC14700EA1413 /* Model */,
			);
			name = DataStructure;
			sourceTree = "<group>";
		};
		A13876E81C59B7B900EA1413 /* TestData */ = {
			isa = PBXGroup;
			children = (
				A10B2CB21C768C17004DA46B /* default_characters_model.json */,
			);
			name = TestData;
			path = /Users/Andy/Development/XCodeProjects/VFrames/VFrames;
			sourceTree = "<absolute>";
		};
		A13876ED1C5DB0A300EA1413 /* Move */ = {
			isa = PBXGroup;
			children = (
				A13876EE1C5DB0F400EA1413 /* InputElement.swift */,
				A13876F01C5DB18E00EA1413 /* MoveListEntryProtocol.swift */,
				A13876F21C5DB34D00EA1413 /* MoveListEntry.swift */,
				A13876F71C5DB8CB00EA1413 /* MoveCategory.swift */,
			);
			name = Move;
			sourceTree = "<group>";
		};
		A13876F41C5DB7A200EA1413 /* Character */ = {
			isa = PBXGroup;
			children = (
				A13876E21C59AC9400EA1413 /* CharacterID.swift */,
				A13876F51C5DB7AF00EA1413 /* SFCharacter.swift */,
			);
			name = Character;
			sourceTree = "<group>";
		};
		A13876FB1C5DC14700EA1413 /* Model */ = {
			isa = PBXGroup;
			children = (
				A16454A31C701CE400201417 /* Frame Data */,
				A13876F41C5DB7A200EA1413 /* Character */,
				A13876ED1C5DB0A300EA1413 /* Move */,
				A13876F91C5DBB4400EA1413 /* CharactersModel.swift */,
			);
			name = Model;
			sourceTree = "<group>";
		};
		A16454581C64479200201417 /* UI */ = {
			isa = PBXGroup;
			children = (
				A164549D1C6FCA2100201417 /* Collections */,
				A16454951C6D816000201417 /* ViewControllers */,
				A16454921C6C60F700201417 /* Cells */,
			);
			name = UI;
			sourceTree = "<group>";
		};
		A164548B1C6B07F800201417 /* Utils */ = {
			isa = PBXGroup;
			children = (
				A164548C1C6B080D00201417 /* StringResolver.swift */,
				A16454D01C72293200201417 /* AppSupportUtil.swift */,
			);
			name = Utils;
			sourceTree = "<group>";
		};
		A16454921C6C60F700201417 /* Cells */ = {
			isa = PBXGroup;
			children = (
				A16454831C68658600201417 /* MoveListCellProtocol.swift */,
				A164547F1C68577000201417 /* DescriptionMoveListCell.swift */,
				A164545B1C66A74F00201417 /* CharacterSelectCell.swift */,
				A16454871C68692700201417 /* InputIconCell.swift */,
				A16454901C6C60EF00201417 /* InputTextCell.swift */,
				A16454931C6C611F00201417 /* InputElementCellProtocol.swift */,
				A16454B31C7034A600201417 /* FrameDataEntryCell.swift */,
			);
			name = Cells;
			sourceTree = "<group>";
		};
		A16454951C6D816000201417 /* ViewControllers */ = {
			isa = PBXGroup;
			children = (
				A13876D11C59ABD800EA1413 /* HomePageViewController.swift */,
				A16454961C6D818900201417 /* CharacterInfoPageViewController.swift */,
				A164545D1C66B24B00201417 /* MovesListViewController.swift */,
				A164549E1C6FFA0400201417 /* FrameDataViewController.swift */,
				A16454B51C71160D00201417 /* NotesViewController.swift */,
			);
			name = ViewControllers;
			sourceTree = "<group>";
		};
		A16454981C6FC09F00201417 /* Colors */ = {
			isa = PBXGroup;
			children = (
				A16454991C6FC0AF00201417 /* CustomColors.swift */,
				A164549B1C6FC11400201417 /* ColorUtils.swift */,
			);
			name = Colors;
			sourceTree = "<group>";
		};
		A164549D1C6FCA2100201417 /* Collections */ = {
			isa = PBXGroup;
			children = (
				A16454891C6876C200201417 /* InputCollectionView.swift */,
			);
			name = Collections;
			sourceTree = "<group>";
		};
		A16454A01C701B5600201417 /* Loader */ = {
			isa = PBXGroup;
			children = (
				A16454561C5F15EA00201417 /* CharactersModelJsonAdapter.swift */,
				A16454A11C701BD300201417 /* MoveListLoader.swift */,
				A16454A61C701D2100201417 /* FrameDataLoader.swift */,
				A16454CA1C71C11100201417 /* JSONLoader.swift */,
			);
			name = Loader;
			sourceTree = "<group>";
		};
		A16454A31C701CE400201417 /* Frame Data */ = {
			isa = PBXGroup;
			children = (
				A16454A41C701D0400201417 /* FrameDataEntryProtocol.swift */,
				A16454A91C701DCA00201417 /* FrameDataProtocol.swift */,
				A16454AB1C701E3800201417 /* FrameDataEntryHolder.swift */,
				A16454AD1C7021BE00201417 /* HardCodedFrameDataEntry.swift */,
				A16454AF1C7026F500201417 /* FrameData.swift */,
				A16454B11C702C3000201417 /* MoveType.swift */,
			);
			name = "Frame Data";
			sourceTree = "<group>";
		};
		A16454BC1C71966D00201417 /* Network */ = {
			isa = PBXGroup;
			children = (
				A16454BD1C71967C00201417 /* NetworkDataSource.swift */,
				A16454D21C7238E800201417 /* GetNetworkDataResult.swift */,
				A163B0A21C723C7B0048571D /* NetworkDataSourceListenerProtocol.swift */,
			);
			name = Network;
			sourceTree = "<group>";
		};
/* End PBXGroup section */

/* Begin PBXNativeTarget section */
		A13876CB1C59ABD800EA1413 /* VFrames */ = {
			isa = PBXNativeTarget;
			buildConfigurationList = A13876DE1C59ABD800EA1413 /* Build configuration list for PBXNativeTarget "VFrames" */;
			buildPhases = (
				E2721A35B56A3B4DD746395E /* Check Pods Manifest.lock */,
				A13876C81C59ABD800EA1413 /* Sources */,
				A13876C91C59ABD800EA1413 /* Frameworks */,
				A13876CA1C59ABD800EA1413 /* Resources */,
				85FD3DCC416401ACC751F2FE /* Embed Pods Frameworks */,
				E836353C85CE71CC51041041 /* Copy Pods Resources */,
				A16454B71C711EC300201417 /* Run Script */,
			);
			buildRules = (
			);
			dependencies = (
			);
			name = VFrames;
			productName = VFrames;
			productReference = A13876CC1C59ABD800EA1413 /* VFrames.app */;
			productType = "com.apple.product-type.application";
		};
/* End PBXNativeTarget section */

/* Begin PBXProject section */
		A13876C41C59ABD800EA1413 /* Project object */ = {
			isa = PBXProject;
			attributes = {
				LastSwiftUpdateCheck = 0720;
				LastUpgradeCheck = 0720;
				ORGANIZATIONNAME = VFrames;
				TargetAttributes = {
					A13876CB1C59ABD800EA1413 = {
						CreatedOnToolsVersion = 7.2;
						DevelopmentTeam = 339P2GJK36;
						SystemCapabilities = {
							com.apple.GameCenter = {
								enabled = 1;
							};
							com.apple.InAppPurchase = {
								enabled = 1;
							};
						};
					};
				};
			};
			buildConfigurationList = A13876C71C59ABD800EA1413 /* Build configuration list for PBXProject "VFrames" */;
			compatibilityVersion = "Xcode 3.2";
			developmentRegion = English;
			hasScannedForEncodings = 0;
			knownRegions = (
				en,
				Base,
			);
			mainGroup = A13876C31C59ABD800EA1413;
			productRefGroup = A13876CD1C59ABD800EA1413 /* Products */;
			projectDirPath = "";
			projectRoot = "";
			targets = (
				A13876CB1C59ABD800EA1413 /* VFrames */,
			);
		};
/* End PBXProject section */

/* Begin PBXResourcesBuildPhase section */
		A13876CA1C59ABD800EA1413 /* Resources */ = {
			isa = PBXResourcesBuildPhase;
			buildActionMask = 2147483647;
			files = (
				A13877001C5EB3BF00EA1413 /* Podfile in Resources */,
				A10B2CB31C768C17004DA46B /* default_characters_model.json in Resources */,
				A13876DA1C59ABD800EA1413 /* LaunchScreen.storyboard in Resources */,
				A13876D71C59ABD800EA1413 /* Assets.xcassets in Resources */,
				A164548F1C6B0EF900201417 /* Localizable.strings in Resources */,
				A13876D51C59ABD800EA1413 /* Main.storyboard in Resources */,
			);
			runOnlyForDeploymentPostprocessing = 0;
		};
/* End PBXResourcesBuildPhase section */

/* Begin PBXShellScriptBuildPhase section */
		85FD3DCC416401ACC751F2FE /* Embed Pods Frameworks */ = {
			isa = PBXShellScriptBuildPhase;
			buildActionMask = 2147483647;
			files = (
			);
			inputPaths = (
			);
			name = "Embed Pods Frameworks";
			outputPaths = (
			);
			runOnlyForDeploymentPostprocessing = 0;
			shellPath = /bin/sh;
			shellScript = "\"${SRCROOT}/Pods/Target Support Files/Pods-VFrames/Pods-VFrames-frameworks.sh\"\n";
			showEnvVarsInLog = 0;
		};
		A16454B71C711EC300201417 /* Run Script */ = {
			isa = PBXShellScriptBuildPhase;
			buildActionMask = 2147483647;
			files = (
			);
			inputPaths = (
			);
			name = "Run Script";
			outputPaths = (
			);
			runOnlyForDeploymentPostprocessing = 0;
			shellPath = /bin/sh;
			shellScript = "./Fabric.framework/run 18696c3d4c4fa14de8088de46b473a83891b3153 97e39a4f93b78cdc6e3f3a520f80e89cc7b809aaf92e3f4eaedc0c5905a61355";
		};
		E2721A35B56A3B4DD746395E /* Check Pods Manifest.lock */ = {
			isa = PBXShellScriptBuildPhase;
			buildActionMask = 2147483647;
			files = (
			);
			inputPaths = (
			);
			name = "Check Pods Manifest.lock";
			outputPaths = (
			);
			runOnlyForDeploymentPostprocessing = 0;
			shellPath = /bin/sh;
			shellScript = "diff \"${PODS_ROOT}/../Podfile.lock\" \"${PODS_ROOT}/Manifest.lock\" > /dev/null\nif [[ $? != 0 ]] ; then\n    cat << EOM\nerror: The sandbox is not in sync with the Podfile.lock. Run 'pod install' or update your CocoaPods installation.\nEOM\n    exit 1\nfi\n";
			showEnvVarsInLog = 0;
		};
		E836353C85CE71CC51041041 /* Copy Pods Resources */ = {
			isa = PBXShellScriptBuildPhase;
			buildActionMask = 2147483647;
			files = (
			);
			inputPaths = (
			);
			name = "Copy Pods Resources";
			outputPaths = (
			);
			runOnlyForDeploymentPostprocessing = 0;
			shellPath = /bin/sh;
			shellScript = "\"${SRCROOT}/Pods/Target Support Files/Pods-VFrames/Pods-VFrames-resources.sh\"\n";
			showEnvVarsInLog = 0;
		};
/* End PBXShellScriptBuildPhase section */

/* Begin PBXSourcesBuildPhase section */
		A13876C81C59ABD800EA1413 /* Sources */ = {
			isa = PBXSourcesBuildPhase;
			buildActionMask = 2147483647;
			files = (
				A16454801C68577000201417 /* DescriptionMoveListCell.swift in Sources */,
				A16454971C6D818900201417 /* CharacterInfoPageViewController.swift in Sources */,
				A16454B61C71160D00201417 /* NotesViewController.swift in Sources */,
				A16454AE1C7021BE00201417 /* HardCodedFrameDataEntry.swift in Sources */,
				A13876FA1C5DBB4400EA1413 /* CharactersModel.swift in Sources */,
				A164545C1C66A74F00201417 /* CharacterSelectCell.swift in Sources */,
				A16454B21C702C3000201417 /* MoveType.swift in Sources */,
				A16454911C6C60EF00201417 /* InputTextCell.swift in Sources */,
				A16454A51C701D0400201417 /* FrameDataEntryProtocol.swift in Sources */,
				A13876F61C5DB7AF00EA1413 /* SFCharacter.swift in Sources */,
				A13876F11C5DB18E00EA1413 /* MoveListEntryProtocol.swift in Sources */,
				A16454D11C72293200201417 /* AppSupportUtil.swift in Sources */,
				A16454B41C7034A600201417 /* FrameDataEntryCell.swift in Sources */,
				A16454A71C701D2100201417 /* FrameDataLoader.swift in Sources */,
				A164545E1C66B24B00201417 /* MovesListViewController.swift in Sources */,
				A16454B01C7026F500201417 /* FrameData.swift in Sources */,
				A13876F81C5DB8CB00EA1413 /* MoveCategory.swift in Sources */,
				A13876F31C5DB34D00EA1413 /* MoveListEntry.swift in Sources */,
				A13876D21C59ABD800EA1413 /* HomePageViewController.swift in Sources */,
				A164548A1C6876C200201417 /* InputCollectionView.swift in Sources */,
				A16454D31C7238E800201417 /* GetNetworkDataResult.swift in Sources */,
				A164548D1C6B080D00201417 /* StringResolver.swift in Sources */,
				A16454CB1C71C11100201417 /* JSONLoader.swift in Sources */,
				A13876D01C59ABD800EA1413 /* AppDelegate.swift in Sources */,
				A164549F1C6FFA0400201417 /* FrameDataViewController.swift in Sources */,
				A163B0A31C723C7B0048571D /* NetworkDataSourceListenerProtocol.swift in Sources */,
				A16454881C68692700201417 /* InputIconCell.swift in Sources */,
				A16454941C6C611F00201417 /* InputElementCellProtocol.swift in Sources */,
				A16454A21C701BD300201417 /* MoveListLoader.swift in Sources */,
				A16454AA1C701DCA00201417 /* FrameDataProtocol.swift in Sources */,
				A164549A1C6FC0AF00201417 /* CustomColors.swift in Sources */,
				A13876E31C59AC9400EA1413 /* CharacterID.swift in Sources */,
				A16454571C5F15EA00201417 /* CharactersModelJsonAdapter.swift in Sources */,
				A164549C1C6FC11400201417 /* ColorUtils.swift in Sources */,
				A16454841C68658600201417 /* MoveListCellProtocol.swift in Sources */,
				A16454AC1C701E3800201417 /* FrameDataEntryHolder.swift in Sources */,
				A13876EF1C5DB0F400EA1413 /* InputElement.swift in Sources */,
				A16454BE1C71967C00201417 /* NetworkDataSource.swift in Sources */,
			);
			runOnlyForDeploymentPostprocessing = 0;
		};
/* End PBXSourcesBuildPhase section */

/* Begin PBXVariantGroup section */
		A13876D31C59ABD800EA1413 /* Main.storyboard */ = {
			isa = PBXVariantGroup;
			children = (
				A13876D41C59ABD800EA1413 /* Base */,
			);
			name = Main.storyboard;
			sourceTree = "<group>";
		};
		A13876D81C59ABD800EA1413 /* LaunchScreen.storyboard */ = {
			isa = PBXVariantGroup;
			children = (
				A13876D91C59ABD800EA1413 /* Base */,
			);
			name = LaunchScreen.storyboard;
			sourceTree = "<group>";
		};
/* End PBXVariantGroup section */

/* Begin XCBuildConfiguration section */
		A13876DC1C59ABD800EA1413 /* Debug */ = {
			isa = XCBuildConfiguration;
			buildSettings = {
				ALWAYS_SEARCH_USER_PATHS = NO;
				CLANG_CXX_LANGUAGE_STANDARD = "gnu++0x";
				CLANG_CXX_LIBRARY = "libc++";
				CLANG_ENABLE_MODULES = YES;
				CLANG_ENABLE_OBJC_ARC = YES;
				CLANG_WARN_BOOL_CONVERSION = YES;
				CLANG_WARN_CONSTANT_CONVERSION = YES;
				CLANG_WARN_DIRECT_OBJC_ISA_USAGE = YES_ERROR;
				CLANG_WARN_EMPTY_BODY = YES;
				CLANG_WARN_ENUM_CONVERSION = YES;
				CLANG_WARN_INT_CONVERSION = YES;
				CLANG_WARN_OBJC_ROOT_CLASS = YES_ERROR;
				CLANG_WARN_UNREACHABLE_CODE = YES;
				CLANG_WARN__DUPLICATE_METHOD_MATCH = YES;
				CODE_SIGN_IDENTITY = "iPhone Developer: anderson.garron@gmail.com (959WPG4579)";
				"CODE_SIGN_IDENTITY[sdk=iphoneos*]" = "iPhone Developer: anderson.garron@gmail.com (959WPG4579)";
				COPY_PHASE_STRIP = NO;
				DEBUG_INFORMATION_FORMAT = dwarf;
				ENABLE_STRICT_OBJC_MSGSEND = YES;
				ENABLE_TESTABILITY = YES;
				GCC_C_LANGUAGE_STANDARD = gnu99;
				GCC_DYNAMIC_NO_PIC = NO;
				GCC_NO_COMMON_BLOCKS = YES;
				GCC_OPTIMIZATION_LEVEL = 0;
				GCC_PREPROCESSOR_DEFINITIONS = (
					"DEBUG=1",
					"$(inherited)",
				);
				GCC_WARN_64_TO_32_BIT_CONVERSION = YES;
				GCC_WARN_ABOUT_RETURN_TYPE = YES_ERROR;
				GCC_WARN_UNDECLARED_SELECTOR = YES;
				GCC_WARN_UNINITIALIZED_AUTOS = YES_AGGRESSIVE;
				GCC_WARN_UNUSED_FUNCTION = YES;
				GCC_WARN_UNUSED_VARIABLE = YES;
				IPHONEOS_DEPLOYMENT_TARGET = 8.0;
				MTL_ENABLE_DEBUG_INFO = YES;
				ONLY_ACTIVE_ARCH = YES;
				SDKROOT = iphoneos;
				SWIFT_OPTIMIZATION_LEVEL = "-Onone";
			};
			name = Debug;
		};
		A13876DD1C59ABD800EA1413 /* Release */ = {
			isa = XCBuildConfiguration;
			buildSettings = {
				ALWAYS_SEARCH_USER_PATHS = NO;
				CLANG_CXX_LANGUAGE_STANDARD = "gnu++0x";
				CLANG_CXX_LIBRARY = "libc++";
				CLANG_ENABLE_MODULES = YES;
				CLANG_ENABLE_OBJC_ARC = YES;
				CLANG_WARN_BOOL_CONVERSION = YES;
				CLANG_WARN_CONSTANT_CONVERSION = YES;
				CLANG_WARN_DIRECT_OBJC_ISA_USAGE = YES_ERROR;
				CLANG_WARN_EMPTY_BODY = YES;
				CLANG_WARN_ENUM_CONVERSION = YES;
				CLANG_WARN_INT_CONVERSION = YES;
				CLANG_WARN_OBJC_ROOT_CLASS = YES_ERROR;
				CLANG_WARN_UNREACHABLE_CODE = YES;
				CLANG_WARN__DUPLICATE_METHOD_MATCH = YES;
				CODE_SIGN_IDENTITY = "iPhone Distribution";
				"CODE_SIGN_IDENTITY[sdk=iphoneos*]" = "iPhone Distribution";
				COPY_PHASE_STRIP = NO;
				DEBUG_INFORMATION_FORMAT = "dwarf-with-dsym";
				ENABLE_NS_ASSERTIONS = NO;
				ENABLE_STRICT_OBJC_MSGSEND = YES;
				GCC_C_LANGUAGE_STANDARD = gnu99;
				GCC_NO_COMMON_BLOCKS = YES;
				GCC_WARN_64_TO_32_BIT_CONVERSION = YES;
				GCC_WARN_ABOUT_RETURN_TYPE = YES_ERROR;
				GCC_WARN_UNDECLARED_SELECTOR = YES;
				GCC_WARN_UNINITIALIZED_AUTOS = YES_AGGRESSIVE;
				GCC_WARN_UNUSED_FUNCTION = YES;
				GCC_WARN_UNUSED_VARIABLE = YES;
				IPHONEOS_DEPLOYMENT_TARGET = 8.0;
				MTL_ENABLE_DEBUG_INFO = NO;
				SDKROOT = iphoneos;
				VALIDATE_PRODUCT = YES;
			};
			name = Release;
		};
		A13876DF1C59ABD800EA1413 /* Debug */ = {
			isa = XCBuildConfiguration;
			baseConfigurationReference = F0233CC4B1F3255D7BD8B48B /* Pods-VFrames.debug.xcconfig */;
			buildSettings = {
				ASSETCATALOG_COMPILER_APPICON_NAME = AppIcon;
				CODE_SIGN_IDENTITY = "iPhone Developer";
				"CODE_SIGN_IDENTITY[sdk=iphoneos*]" = "iPhone Developer";
				FRAMEWORK_SEARCH_PATHS = (
					"$(inherited)",
					"$(PROJECT_DIR)/build/Debug-iphoneos",
					"$(PROJECT_DIR)",
				);
				INFOPLIST_FILE = VFrames/Info.plist;
				IPHONEOS_DEPLOYMENT_TARGET = 8.0;
				LD_RUNPATH_SEARCH_PATHS = "$(inherited) @executable_path/Frameworks";
				PRODUCT_BUNDLE_IDENTIFIER = com.agarron.vframesapp;
				PRODUCT_NAME = "$(TARGET_NAME)";
				PROVISIONING_PROFILE = "";
				TARGETED_DEVICE_FAMILY = "1,2";
			};
			name = Debug;
		};
		A13876E01C59ABD800EA1413 /* Release */ = {
			isa = XCBuildConfiguration;
			baseConfigurationReference = A5F217F5A277D683BC0E80A7 /* Pods-VFrames.release.xcconfig */;
			buildSettings = {
				ASSETCATALOG_COMPILER_APPICON_NAME = AppIcon;
				CODE_SIGN_IDENTITY = "iPhone Developer";
				"CODE_SIGN_IDENTITY[sdk=iphoneos*]" = "iPhone Developer";
				FRAMEWORK_SEARCH_PATHS = (
					"$(inherited)",
					"$(PROJECT_DIR)/build/Debug-iphoneos",
					"$(PROJECT_DIR)",
				);
				INFOPLIST_FILE = VFrames/Info.plist;
				IPHONEOS_DEPLOYMENT_TARGET = 8.0;
				LD_RUNPATH_SEARCH_PATHS = "$(inherited) @executable_path/Frameworks";
				PRODUCT_BUNDLE_IDENTIFIER = com.agarron.vframesapp;
				PRODUCT_NAME = "$(TARGET_NAME)";
				PROVISIONING_PROFILE = "";
				TARGETED_DEVICE_FAMILY = "1,2";
			};
			name = Release;
		};
/* End XCBuildConfiguration section */

/* Begin XCConfigurationList section */
		A13876C71C59ABD800EA1413 /* Build configuration list for PBXProject "VFrames" */ = {
			isa = XCConfigurationList;
			buildConfigurations = (
				A13876DC1C59ABD800EA1413 /* Debug */,
				A13876DD1C59ABD800EA1413 /* Release */,
			);
			defaultConfigurationIsVisible = 0;
			defaultConfigurationName = Release;
		};
		A13876DE1C59ABD800EA1413 /* Build configuration list for PBXNativeTarget "VFrames" */ = {
			isa = XCConfigurationList;
			buildConfigurations = (
				A13876DF1C59ABD800EA1413 /* Debug */,
				A13876E01C59ABD800EA1413 /* Release */,
			);
			defaultConfigurationIsVisible = 0;
			defaultConfigurationName = Release;
		};
/* End XCConfigurationList section */
	};
	rootObject = A13876C41C59ABD800EA1413 /* Project object */;
}
